// !$*UTF8*$!
{
	archiveVersion = 1;
	classes = {
	};
	objectVersion = 52;
	objects = {

/* Begin PBXBuildFile section */
		39FAA98724BA272700286A49 /* MacSettingsDemoApp.swift in Sources */ = {isa = PBXBuildFile; fileRef = 39FAA98624BA272700286A49 /* MacSettingsDemoApp.swift */; };
		39FAA98924BA272700286A49 /* ContentView.swift in Sources */ = {isa = PBXBuildFile; fileRef = 39FAA98824BA272700286A49 /* ContentView.swift */; };
		39FAA98B24BA272800286A49 /* Assets.xcassets in Resources */ = {isa = PBXBuildFile; fileRef = 39FAA98A24BA272800286A49 /* Assets.xcassets */; };
		39FAA98E24BA272800286A49 /* Preview Assets.xcassets in Resources */ = {isa = PBXBuildFile; fileRef = 39FAA98D24BA272800286A49 /* Preview Assets.xcassets */; };
		39FAA99E24BA2B3400286A49 /* MacSettings in Frameworks */ = {isa = PBXBuildFile; productRef = 39FAA99D24BA2B3400286A49 /* MacSettings */; };
/* End PBXBuildFile section */

/* Begin PBXFileReference section */
		39FAA98324BA272700286A49 /* MacSettingsDemo.app */ = {isa = PBXFileReference; explicitFileType = wrapper.application; includeInIndex = 0; path = MacSettingsDemo.app; sourceTree = BUILT_PRODUCTS_DIR; };
		39FAA98624BA272700286A49 /* MacSettingsDemoApp.swift */ = {isa = PBXFileReference; lastKnownFileType = sourcecode.swift; path = MacSettingsDemoApp.swift; sourceTree = "<group>"; };
		39FAA98824BA272700286A49 /* ContentView.swift */ = {isa = PBXFileReference; lastKnownFileType = sourcecode.swift; path = ContentView.swift; sourceTree = "<group>"; };
		39FAA98A24BA272800286A49 /* Assets.xcassets */ = {isa = PBXFileReference; lastKnownFileType = folder.assetcatalog; path = Assets.xcassets; sourceTree = "<group>"; };
		39FAA98D24BA272800286A49 /* Preview Assets.xcassets */ = {isa = PBXFileReference; lastKnownFileType = folder.assetcatalog; path = "Preview Assets.xcassets"; sourceTree = "<group>"; };
		39FAA98F24BA272800286A49 /* Info.plist */ = {isa = PBXFileReference; lastKnownFileType = text.plist.xml; path = Info.plist; sourceTree = "<group>"; };
		39FAA99024BA272800286A49 /* MacSettingsDemo.entitlements */ = {isa = PBXFileReference; lastKnownFileType = text.plist.entitlements; path = MacSettingsDemo.entitlements; sourceTree = "<group>"; };
		39FAA99C24BA2B1B00286A49 /* MacSettings */ = {isa = PBXFileReference; lastKnownFileType = folder; name = MacSettings; path = ..; sourceTree = "<group>"; };
/* End PBXFileReference section */

/* Begin PBXFrameworksBuildPhase section */
		39FAA98024BA272700286A49 /* Frameworks */ = {
			isa = PBXFrameworksBuildPhase;
			buildActionMask = 2147483647;
			files = (
				39FAA99E24BA2B3400286A49 /* MacSettings in Frameworks */,
			);
			runOnlyForDeploymentPostprocessing = 0;
		};
/* End PBXFrameworksBuildPhase section */

/* Begin PBXGroup section */
		39FAA97A24BA272700286A49 = {
			isa = PBXGroup;
			children = (
				39FAA98524BA272700286A49 /* MacSettingsDemo */,
				39FAA98424BA272700286A49 /* Products */,
				39FAA99724BA290700286A49 /* Frameworks */,
				39FAA99C24BA2B1B00286A49 /* MacSettings */,
			);
			sourceTree = "<group>";
		};
		39FAA98424BA272700286A49 /* Products */ = {
			isa = PBXGroup;
			children = (
				39FAA98324BA272700286A49 /* MacSettingsDemo.app */,
			);
			name = Products;
			sourceTree = "<group>";
		};
		39FAA98524BA272700286A49 /* MacSettingsDemo */ = {
			isa = PBXGroup;
			children = (
				39FAA98624BA272700286A49 /* MacSettingsDemoApp.swift */,
				39FAA98824BA272700286A49 /* ContentView.swift */,
				39FAA98A24BA272800286A49 /* Assets.xcassets */,
				39FAA98F24BA272800286A49 /* Info.plist */,
				39FAA99024BA272800286A49 /* MacSettingsDemo.entitlements */,
				39FAA98C24BA272800286A49 /* Preview Content */,
			);
			path = MacSettingsDemo;
			sourceTree = "<group>";
		};
		39FAA98C24BA272800286A49 /* Preview Content */ = {
			isa = PBXGroup;
			children = (
				39FAA98D24BA272800286A49 /* Preview Assets.xcassets */,
			);
			path = "Preview Content";
			sourceTree = "<group>";
		};
		39FAA99724BA290700286A49 /* Frameworks */ = {
			isa = PBXGroup;
			children = (
			);
			name = Frameworks;
			sourceTree = "<group>";
		};
/* End PBXGroup section */

/* Begin PBXNativeTarget section */
		39FAA98224BA272700286A49 /* MacSettingsDemo */ = {
			isa = PBXNativeTarget;
			buildConfigurationList = 39FAA99324BA272800286A49 /* Build configuration list for PBXNativeTarget "MacSettingsDemo" */;
			buildPhases = (
				39FAA97F24BA272700286A49 /* Sources */,
				39FAA98024BA272700286A49 /* Frameworks */,
				39FAA98124BA272700286A49 /* Resources */,
			);
			buildRules = (
			);
			dependencies = (
			);
			name = MacSettingsDemo;
			packageProductDependencies = (
				39FAA99D24BA2B3400286A49 /* MacSettings */,
			);
			productName = MacSettingsDemo;
			productReference = 39FAA98324BA272700286A49 /* MacSettingsDemo.app */;
			productType = "com.apple.product-type.application";
		};
/* End PBXNativeTarget section */

/* Begin PBXProject section */
		39FAA97B24BA272700286A49 /* Project object */ = {
			isa = PBXProject;
			attributes = {
				LastSwiftUpdateCheck = 1200;
				LastUpgradeCheck = 1200;
				TargetAttributes = {
					39FAA98224BA272700286A49 = {
						CreatedOnToolsVersion = 12.0;
					};
				};
			};
			buildConfigurationList = 39FAA97E24BA272700286A49 /* Build configuration list for PBXProject "MacSettingsDemo" */;
			compatibilityVersion = "Xcode 9.3";
			developmentRegion = en;
			hasScannedForEncodings = 0;
			knownRegions = (
				en,
				Base,
			);
			mainGroup = 39FAA97A24BA272700286A49;
			productRefGroup = 39FAA98424BA272700286A49 /* Products */;
			projectDirPath = "";
			projectRoot = "";
			targets = (
				39FAA98224BA272700286A49 /* MacSettingsDemo */,
			);
		};
/* End PBXProject section */

/* Begin PBXResourcesBuildPhase section */
		39FAA98124BA272700286A49 /* Resources */ = {
			isa = PBXResourcesBuildPhase;
			buildActionMask = 2147483647;
			files = (
				39FAA98E24BA272800286A49 /* Preview Assets.xcassets in Resources */,
				39FAA98B24BA272800286A49 /* Assets.xcassets in Resources */,
			);
			runOnlyForDeploymentPostprocessing = 0;
		};
/* End PBXResourcesBuildPhase section */

/* Begin PBXSourcesBuildPhase section */
		39FAA97F24BA272700286A49 /* Sources */ = {
			isa = PBXSourcesBuildPhase;
			buildActionMask = 2147483647;
			files = (
				39FAA98924BA272700286A49 /* ContentView.swift in Sources */,
				39FAA98724BA272700286A49 /* MacSettingsDemoApp.swift in Sources */,
			);
			runOnlyForDeploymentPostprocessing = 0;
		};
/* End PBXSourcesBuildPhase section */

/* Begin XCBuildConfiguration section */
		39FAA99124BA272800286A49 /* Debug */ = {
			isa = XCBuildConfiguration;
			buildSettings = {
				ALWAYS_SEARCH_USER_PATHS = NO;
				CLANG_ANALYZER_NONNULL = YES;
				CLANG_ANALYZER_NUMBER_OBJECT_CONVERSION = YES_AGGRESSIVE;
				CLANG_CXX_LANGUAGE_STANDARD = "gnu++14";
				CLANG_CXX_LIBRARY = "libc++";
				CLANG_ENABLE_MODULES = YES;
				CLANG_ENABLE_OBJC_ARC = YES;
				CLANG_ENABLE_OBJC_WEAK = YES;
				CLANG_WARN_BLOCK_CAPTURE_AUTORELEASING = YES;
				CLANG_WARN_BOOL_CONVERSION = YES;
				CLANG_WARN_COMMA = YES;
				CLANG_WARN_CONSTANT_CONVERSION = YES;
				CLANG_WARN_DEPRECATED_OBJC_IMPLEMENTATIONS = YES;
				CLANG_WARN_DIRECT_OBJC_ISA_USAGE = YES_ERROR;
				CLANG_WARN_DOCUMENTATION_COMMENTS = YES;
				CLANG_WARN_EMPTY_BODY = YES;
				CLANG_WARN_ENUM_CONVERSION = YES;
				CLANG_WARN_INFINITE_RECURSION = YES;
				CLANG_WARN_INT_CONVERSION = YES;
				CLANG_WARN_NON_LITERAL_NULL_CONVERSION = YES;
				CLANG_WARN_OBJC_IMPLICIT_RETAIN_SELF = YES;
				CLANG_WARN_OBJC_LITERAL_CONVERSION = YES;
				CLANG_WARN_OBJC_ROOT_CLASS = YES_ERROR;
				CLANG_WARN_QUOTED_INCLUDE_IN_FRAMEWORK_HEADER = YES;
				CLANG_WARN_RANGE_LOOP_ANALYSIS = YES;
				CLANG_WARN_STRICT_PROTOTYPES = YES;
				CLANG_WARN_SUSPICIOUS_MOVE = YES;
				CLANG_WARN_UNGUARDED_AVAILABILITY = YES_AGGRESSIVE;
				CLANG_WARN_UNREACHABLE_CODE = YES;
				CLANG_WARN__DUPLICATE_METHOD_MATCH = YES;
				COPY_PHASE_STRIP = NO;
				DEBUG_INFORMATION_FORMAT = dwarf;
				ENABLE_STRICT_OBJC_MSGSEND = YES;
				ENABLE_TESTABILITY = YES;
				GCC_C_LANGUAGE_STANDARD = gnu11;
				GCC_DYNAMIC_NO_PIC = NO;
				GCC_NO_COMMON_BLOCKS = YES;
				GCC_OPTIMIZATION_LEVEL = 0;
				GCC_PREPROCESSOR_DEFINITIONS = (
					"DEBUG=1",
					"$(inherited)",
				);
				GCC_WARN_64_TO_32_BIT_CONVERSION = YES;
				GCC_WARN_ABOUT_RETURN_TYPE = YES_ERROR;
				GCC_WARN_UNDECLARED_SELECTOR = YES;
				GCC_WARN_UNINITIALIZED_AUTOS = YES_AGGRESSIVE;
				GCC_WARN_UNUSED_FUNCTION = YES;
				GCC_WARN_UNUSED_VARIABLE = YES;
				MACOSX_DEPLOYMENT_TARGET = 11.0;
				MTL_ENABLE_DEBUG_INFO = INCLUDE_SOURCE;
				MTL_FAST_MATH = YES;
				ONLY_ACTIVE_ARCH = YES;
				SDKROOT = macosx;
				SWIFT_ACTIVE_COMPILATION_CONDITIONS = DEBUG;
				SWIFT_OPTIMIZATION_LEVEL = "-Onone";
			};
			name = Debug;
		};
		39FAA99224BA272800286A49 /* Release */ = {
			isa = XCBuildConfiguration;
			buildSettings = {
				ALWAYS_SEARCH_USER_PATHS = NO;
				CLANG_ANALYZER_NONNULL = YES;
				CLANG_ANALYZER_NUMBER_OBJECT_CONVERSION = YES_AGGRESSIVE;
				CLANG_CXX_LANGUAGE_STANDARD = "gnu++14";
				CLANG_CXX_LIBRARY = "libc++";
				CLANG_ENABLE_MODULES = YES;
				CLANG_ENABLE_OBJC_ARC = YES;
				CLANG_ENABLE_OBJC_WEAK = YES;
				CLANG_WARN_BLOCK_CAPTURE_AUTORELEASING = YES;
				CLANG_WARN_BOOL_CONVERSION = YES;
				CLANG_WARN_COMMA = YES;
				CLANG_WARN_CONSTANT_CONVERSION = YES;
				CLANG_WARN_DEPRECATED_OBJC_IMPLEMENTATIONS = YES;
				CLANG_WARN_DIRECT_OBJC_ISA_USAGE = YES_ERROR;
				CLANG_WARN_DOCUMENTATION_COMMENTS = YES;
				CLANG_WARN_EMPTY_BODY = YES;
				CLANG_WARN_ENUM_CONVERSION = YES;
				CLANG_WARN_INFINITE_RECURSION = YES;
				CLANG_WARN_INT_CONVERSION = YES;
				CLANG_WARN_NON_LITERAL_NULL_CONVERSION = YES;
				CLANG_WARN_OBJC_IMPLICIT_RETAIN_SELF = YES;
				CLANG_WARN_OBJC_LITERAL_CONVERSION = YES;
				CLANG_WARN_OBJC_ROOT_CLASS = YES_ERROR;
				CLANG_WARN_QUOTED_INCLUDE_IN_FRAMEWORK_HEADER = YES;
				CLANG_WARN_RANGE_LOOP_ANALYSIS = YES;
				CLANG_WARN_STRICT_PROTOTYPES = YES;
				CLANG_WARN_SUSPICIOUS_MOVE = YES;
				CLANG_WARN_UNGUARDED_AVAILABILITY = YES_AGGRESSIVE;
				CLANG_WARN_UNREACHABLE_CODE = YES;
				CLANG_WARN__DUPLICATE_METHOD_MATCH = YES;
				COPY_PHASE_STRIP = NO;
				DEBUG_INFORMATION_FORMAT = "dwarf-with-dsym";
				ENABLE_NS_ASSERTIONS = NO;
				ENABLE_STRICT_OBJC_MSGSEND = YES;
				GCC_C_LANGUAGE_STANDARD = gnu11;
				GCC_NO_COMMON_BLOCKS = YES;
				GCC_WARN_64_TO_32_BIT_CONVERSION = YES;
				GCC_WARN_ABOUT_RETURN_TYPE = YES_ERROR;
				GCC_WARN_UNDECLARED_SELECTOR = YES;
				GCC_WARN_UNINITIALIZED_AUTOS = YES_AGGRESSIVE;
				GCC_WARN_UNUSED_FUNCTION = YES;
				GCC_WARN_UNUSED_VARIABLE = YES;
				MACOSX_DEPLOYMENT_TARGET = 11.0;
				MTL_ENABLE_DEBUG_INFO = NO;
				MTL_FAST_MATH = YES;
				SDKROOT = macosx;
				SWIFT_COMPILATION_MODE = wholemodule;
				SWIFT_OPTIMIZATION_LEVEL = "-O";
			};
			name = Release;
		};
		39FAA99424BA272800286A49 /* Debug */ = {
			isa = XCBuildConfiguration;
			buildSettings = {
				ASSETCATALOG_COMPILER_APPICON_NAME = AppIcon;
				ASSETCATALOG_COMPILER_GLOBAL_ACCENT_COLOR_NAME = AccentColor;
				CODE_SIGN_ENTITLEMENTS = MacSettingsDemo/MacSettingsDemo.entitlements;
				CODE_SIGN_STYLE = Automatic;
				COMBINE_HIDPI_IMAGES = YES;
				DEVELOPMENT_ASSET_PATHS = "\"MacSettingsDemo/Preview Content\"";
				DEVELOPMENT_TEAM = H3ZG35D27G;
				ENABLE_HARDENED_RUNTIME = YES;
				ENABLE_PREVIEWS = YES;
				INFOPLIST_FILE = MacSettingsDemo/Info.plist;
				LD_RUNPATH_SEARCH_PATHS = (
					"$(inherited)",
					"@executable_path/../Frameworks",
				);
				PRODUCT_BUNDLE_IDENTIFIER = com.khairullin.timur.MacSettingsDemo;
				PRODUCT_NAME = "$(TARGET_NAME)";
				SWIFT_VERSION = 5.0;
			};
			name = Debug;
		};
		39FAA99524BA272800286A49 /* Release */ = {
			isa = XCBuildConfiguration;
			buildSettings = {
				ASSETCATALOG_COMPILER_APPICON_NAME = AppIcon;
				ASSETCATALOG_COMPILER_GLOBAL_ACCENT_COLOR_NAME = AccentColor;
				CODE_SIGN_ENTITLEMENTS = MacSettingsDemo/MacSettingsDemo.entitlements;
				CODE_SIGN_STYLE = Automatic;
				COMBINE_HIDPI_IMAGES = YES;
				DEVELOPMENT_ASSET_PATHS = "\"MacSettingsDemo/Preview Content\"";
				DEVELOPMENT_TEAM = H3ZG35D27G;
				ENABLE_HARDENED_RUNTIME = YES;
				ENABLE_PREVIEWS = YES;
				INFOPLIST_FILE = MacSettingsDemo/Info.plist;
				LD_RUNPATH_SEARCH_PATHS = (
					"$(inherited)",
					"@executable_path/../Frameworks",
				);
				PRODUCT_BUNDLE_IDENTIFIER = com.khairullin.timur.MacSettingsDemo;
				PRODUCT_NAME = "$(TARGET_NAME)";
				SWIFT_VERSION = 5.0;
			};
			name = Release;
		};
/* End XCBuildConfiguration section */

/* Begin XCConfigurationList section */
		39FAA97E24BA272700286A49 /* Build configuration list for PBXProject "MacSettingsDemo" */ = {
			isa = XCConfigurationList;
			buildConfigurations = (
				39FAA99124BA272800286A49 /* Debug */,
				39FAA99224BA272800286A49 /* Release */,
			);
			defaultConfigurationIsVisible = 0;
			defaultConfigurationName = Release;
		};
		39FAA99324BA272800286A49 /* Build configuration list for PBXNativeTarget "MacSettingsDemo" */ = {
			isa = XCConfigurationList;
			buildConfigurations = (
				39FAA99424BA272800286A49 /* Debug */,
				39FAA99524BA272800286A49 /* Release */,
			);
			defaultConfigurationIsVisible = 0;
			defaultConfigurationName = Release;
		};
/* End XCConfigurationList section */

/* Begin XCSwiftPackageProductDependency section */
		39FAA99D24BA2B3400286A49 /* MacSettings */ = {
			isa = XCSwiftPackageProductDependency;
			productName = MacSettings;
		};
/* End XCSwiftPackageProductDependency section */
	};
	rootObject = 39FAA97B24BA272700286A49 /* Project object */;
}
